
Microsoft Visual Studio Solution File, Format Version 12.00
# Visual Studio Version 17
VisualStudioVersion = 17.14.36221.1 d17.14
MinimumVisualStudioVersion = 10.0.40219.1
Project("{FAE04EC0-301F-11D3-BF4B-00C04F79EFBC}") = "PR12", "PR12\PR12.csproj", "{8371CF1C-A03B-4E99-8594-5DD45C2B008F}"
EndProject
Global
	GlobalSection(SolutionConfigurationPlatforms) = preSolution
		Debug|Any CPU = Debug|Any CPU
		Release|Any CPU = Release|Any CPU
	EndGlobalSection
	GlobalSection(ProjectConfigurationPlatforms) = postSolution
		{8371CF1C-A03B-4E99-8594-5DD45C2B008F}.Debug|Any CPU.ActiveCfg = Debug|Any CPU
		{8371CF1C-A03B-4E99-8594-5DD45C2B008F}.Debug|Any CPU.Build.0 = Debug|Any CPU
		{8371CF1C-A03B-4E99-8594-5DD45C2B008F}.Release|Any CPU.ActiveCfg = Release|Any CPU
		{8371CF1C-A03B-4E99-8594-5DD45C2B008F}.Release|Any CPU.Build.0 = Release|Any CPU
	EndGlobalSection
	GlobalSection(SolutionProperties) = preSolution
		HideSolutionNode = FALSE
	EndGlobalSection
	GlobalSection(ExtensibilityGlobals) = postSolution
		SolutionGuid = {260E98E6-C4D6-4EBC-98D6-14CCA0173337}
	EndGlobalSection
EndGlobal
